# This file is autogenerated, do not edit; changes may be undone by the next 'dep ensure'.


[[projects]]
  branch = "master"
  name = "github.com/selvakn/go-cayenne-lib"
  packages = ["cayennelpp"]
  revision = "d8ddb2a28a82d09b3a133e78187f814b03a35441"

[solve-meta]
  analyzer-name = "dep"
  analyzer-version = 1
  inputs-digest = "a3390c052df72e376cb4d1ead1ec6de6ef718dd49f7cf6d77cee318d2a91a74f"
  solver-name = "gps-cdcl"
  solver-version = 1
